
Microsoft Visual Studio Solution File, Format Version 12.00
# Visual Studio Version 17
VisualStudioVersion = 17.0.31612.314
MinimumVisualStudioVersion = 10.0.40219.1
Project("{9A19103F-16F7-4668-BE54-9A1E7A4F7556}") = "Assessment.Api", "Assessment.Api\Assessment.Api.csproj", "{27BAA237-4D43-4C9F-9EB3-53051D58E2E6}"
EndProject
Project("{FAE04EC0-301F-11D3-BF4B-00C04F79EFBC}") = "Assessment.Web", "Assessment.Web\Assessment.Web.csproj", "{1EB95984-CA0B-4305-98C9-52937CD6CB27}"
EndProject
Global
	GlobalSection(SolutionConfigurationPlatforms) = preSolution
		Debug|Any CPU = Debug|Any CPU
		Release|Any CPU = Release|Any CPU
	EndGlobalSection
	GlobalSection(ProjectConfigurationPlatforms) = postSolution
		{27BAA237-4D43-4C9F-9EB3-53051D58E2E6}.Debug|Any CPU.ActiveCfg = Debug|Any CPU
		{27BAA237-4D43-4C9F-9EB3-53051D58E2E6}.Debug|Any CPU.Build.0 = Debug|Any CPU
		{27BAA237-4D43-4C9F-9EB3-53051D58E2E6}.Release|Any CPU.ActiveCfg = Release|Any CPU
		{27BAA237-4D43-4C9F-9EB3-53051D58E2E6}.Release|Any CPU.Build.0 = Release|Any CPU
		{1EB95984-CA0B-4305-98C9-52937CD6CB27}.Debug|Any CPU.ActiveCfg = Debug|Any CPU
		{1EB95984-CA0B-4305-98C9-52937CD6CB27}.Debug|Any CPU.Build.0 = Debug|Any CPU
		{1EB95984-CA0B-4305-98C9-52937CD6CB27}.Release|Any CPU.ActiveCfg = Release|Any CPU
		{1EB95984-CA0B-4305-98C9-52937CD6CB27}.Release|Any CPU.Build.0 = Release|Any CPU
	EndGlobalSection
	GlobalSection(SolutionProperties) = preSolution
		HideSolutionNode = FALSE
	EndGlobalSection
	GlobalSection(ExtensibilityGlobals) = postSolution
		SolutionGuid = {BBAE0AB4-9E3C-4673-B1BF-14AB5A87ED15}
	EndGlobalSection
EndGlobal
